{
  "name": "react-redux-env",
  "version": "1.0.0",
  "lockfileVersion": 1,
  "requires": true,
  "dependencies": {
    "babel-plugin-react-transform": {
      "version": "3.0.0",
      "resolved": "https://registry.npmjs.org/babel-plugin-react-transform/-/babel-plugin-react-transform-3.0.0.tgz",
      "integrity": "sha512-4vJGddwPiHAOgshzZdGwYy4zRjjIr5SMY7gkOaCyIASjgpcsyLTlZNuB5rHOFoaTvGlhfo8/g4pobXPyHqm/3w==",
      "dev": true,
      "requires": {
        "lodash": "4.17.4"
      }
    },
    "dom-walk": {
      "version": "0.1.1",
      "resolved": "https://registry.npmjs.org/dom-walk/-/dom-walk-0.1.1.tgz",
      "integrity": "sha1-ZyIm3HTI95mtNTB9+TaroRrNYBg=",
      "dev": true
    },
    "global": {
      "version": "4.3.2",
      "resolved": "https://registry.npmjs.org/global/-/global-4.3.2.tgz",
      "integrity": "sha1-52mJJopsdMOJCLEwWxD8DjlOnQ8=",
      "dev": true,
      "requires": {
        "min-document": "2.19.0",
        "process": "0.5.2"
      }
    },
    "lodash": {
      "version": "4.17.4",
      "resolved": "https://registry.npmjs.org/lodash/-/lodash-4.17.4.tgz",
      "integrity": "sha1-eCA6TRwyiuHYbcpkYONptX9AVa4=",
      "dev": true
    },
    "min-document": {
      "version": "2.19.0",
      "resolved": "https://registry.npmjs.org/min-document/-/min-document-2.19.0.tgz",
      "integrity": "sha1-e9KC4/WELtKVu3SM3Z8f+iyCRoU=",
      "dev": true,
      "requires": {
        "dom-walk": "0.1.1"
      }
    },
    "process": {
      "version": "0.5.2",
      "resolved": "https://registry.npmjs.org/process/-/process-0.5.2.tgz",
      "integrity": "sha1-FjjYqONML0QKkduVq5rrZ3/Bhc8=",
      "dev": true
    },
    "react-deep-force-update": {
      "version": "1.1.1",
      "resolved": "https://registry.npmjs.org/react-deep-force-update/-/react-deep-force-update-1.1.1.tgz",
      "integrity": "sha1-vNMUeAJ7ZLMznxCJIatSC0MT3Cw=",
      "dev": true
    },
    "react-proxy": {
      "version": "1.1.8",
      "resolved": "https://registry.npmjs.org/react-proxy/-/react-proxy-1.1.8.tgz",
      "integrity": "sha1-nb/Z2SdSjDqp9ETkVYw3gwq4wmo=",
      "dev": true,
      "requires": {
        "lodash": "4.17.4",
        "react-deep-force-update": "1.1.1"
      }
    },
    "react-transform-hmr": {
      "version": "1.0.4",
      "resolved": "https://registry.npmjs.org/react-transform-hmr/-/react-transform-hmr-1.0.4.tgz",
      "integrity": "sha1-4aQL0Krvxy6N/Xp82gmvhQZjl7s=",
      "dev": true,
      "requires": {
        "global": "4.3.2",
        "react-proxy": "1.1.8"
      }
    }
  }
}
